
Microsoft Visual Studio Solution File, Format Version 12.00
# Visual Studio Version 16
VisualStudioVersion = 16.0.31205.134
MinimumVisualStudioVersion = 10.0.40219.1
Project("{9A19103F-16F7-4668-BE54-9A1E7A4F7556}") = "CloudPMD.Updater", "CloudPMD.Updater\CloudPMD.Updater.csproj", "{1D55CF45-01CF-4C6A-8A97-40D415DF6B42}"
EndProject
Project("{FAE04EC0-301F-11D3-BF4B-00C04F79EFBC}") = "CloudPMD.Utilities", "CloudPMD.Utilities\CloudPMD.Utilities.csproj", "{9412E9D1-59AF-4A0C-AE7A-8C48C95055BA}"
EndProject
Project("{FAE04EC0-301F-11D3-BF4B-00C04F79EFBC}") = "CloudPMD.Shared", "CloudPMD.Shared\CloudPMD.Shared.csproj", "{E609A03C-4B0D-48B8-A447-14A9F28CBE22}"
EndProject
Global
	GlobalSection(SolutionConfigurationPlatforms) = preSolution
		Debug|Any CPU = Debug|Any CPU
		Release|Any CPU = Release|Any CPU
	EndGlobalSection
	GlobalSection(ProjectConfigurationPlatforms) = postSolution
		{1D55CF45-01CF-4C6A-8A97-40D415DF6B42}.Debug|Any CPU.ActiveCfg = Debug|Any CPU
		{1D55CF45-01CF-4C6A-8A97-40D415DF6B42}.Debug|Any CPU.Build.0 = Debug|Any CPU
		{1D55CF45-01CF-4C6A-8A97-40D415DF6B42}.Release|Any CPU.ActiveCfg = Release|Any CPU
		{1D55CF45-01CF-4C6A-8A97-40D415DF6B42}.Release|Any CPU.Build.0 = Release|Any CPU
		{9412E9D1-59AF-4A0C-AE7A-8C48C95055BA}.Debug|Any CPU.ActiveCfg = Debug|Any CPU
		{9412E9D1-59AF-4A0C-AE7A-8C48C95055BA}.Debug|Any CPU.Build.0 = Debug|Any CPU
		{9412E9D1-59AF-4A0C-AE7A-8C48C95055BA}.Release|Any CPU.ActiveCfg = Release|Any CPU
		{9412E9D1-59AF-4A0C-AE7A-8C48C95055BA}.Release|Any CPU.Build.0 = Release|Any CPU
		{E609A03C-4B0D-48B8-A447-14A9F28CBE22}.Debug|Any CPU.ActiveCfg = Debug|Any CPU
		{E609A03C-4B0D-48B8-A447-14A9F28CBE22}.Debug|Any CPU.Build.0 = Debug|Any CPU
		{E609A03C-4B0D-48B8-A447-14A9F28CBE22}.Release|Any CPU.ActiveCfg = Release|Any CPU
		{E609A03C-4B0D-48B8-A447-14A9F28CBE22}.Release|Any CPU.Build.0 = Release|Any CPU
	EndGlobalSection
	GlobalSection(SolutionProperties) = preSolution
		HideSolutionNode = FALSE
	EndGlobalSection
	GlobalSection(ExtensibilityGlobals) = postSolution
		SolutionGuid = {21E0DCE2-4C97-4618-A389-7170EF38D9B5}
	EndGlobalSection
EndGlobal
